
Microsoft Visual Studio Solution File, Format Version 12.00
# Visual Studio Version 16
VisualStudioVersion = 16.0.30517.126
MinimumVisualStudioVersion = 10.0.40219.1
Project("{FAE04EC0-301F-11D3-BF4B-00C04F79EFBC}") = "Model_Klasse_FanOutPut", "Model_Klasse_FanOutPut\Model_Klasse_FanOutPut.csproj", "{DA65021C-DD7C-407E-AF19-0E0B9D207241}"
EndProject
Project("{FAE04EC0-301F-11D3-BF4B-00C04F79EFBC}") = "EchoServer_Obli_Opg6", "EchoServer_Obli_Opg6\EchoServer_Obli_Opg6.csproj", "{A384AE24-188E-46A0-84D8-CBA51C6F816A}"
EndProject
Global
	GlobalSection(SolutionConfigurationPlatforms) = preSolution
		Debug|Any CPU = Debug|Any CPU
		Release|Any CPU = Release|Any CPU
	EndGlobalSection
	GlobalSection(ProjectConfigurationPlatforms) = postSolution
		{DA65021C-DD7C-407E-AF19-0E0B9D207241}.Debug|Any CPU.ActiveCfg = Debug|Any CPU
		{DA65021C-DD7C-407E-AF19-0E0B9D207241}.Debug|Any CPU.Build.0 = Debug|Any CPU
		{DA65021C-DD7C-407E-AF19-0E0B9D207241}.Release|Any CPU.ActiveCfg = Release|Any CPU
		{DA65021C-DD7C-407E-AF19-0E0B9D207241}.Release|Any CPU.Build.0 = Release|Any CPU
		{A384AE24-188E-46A0-84D8-CBA51C6F816A}.Debug|Any CPU.ActiveCfg = Debug|Any CPU
		{A384AE24-188E-46A0-84D8-CBA51C6F816A}.Debug|Any CPU.Build.0 = Debug|Any CPU
		{A384AE24-188E-46A0-84D8-CBA51C6F816A}.Release|Any CPU.ActiveCfg = Release|Any CPU
		{A384AE24-188E-46A0-84D8-CBA51C6F816A}.Release|Any CPU.Build.0 = Release|Any CPU
	EndGlobalSection
	GlobalSection(SolutionProperties) = preSolution
		HideSolutionNode = FALSE
	EndGlobalSection
	GlobalSection(ExtensibilityGlobals) = postSolution
		SolutionGuid = {6725BA74-E2CB-46F9-80F6-3E6F6558159E}
	EndGlobalSection
EndGlobal
